// !$*UTF8*$!
{
	archiveVersion = 1;
	classes = {
	};
	objectVersion = 46;
	objects = {

/* Begin PBXBuildFile section */
		26293BFF1CF7169D0044C48B /* AppDelegate.swift in Sources */ = {isa = PBXBuildFile; fileRef = 26293BFE1CF7169D0044C48B /* AppDelegate.swift */; };
		26293C011CF7169D0044C48B /* ViewController.swift in Sources */ = {isa = PBXBuildFile; fileRef = 26293C001CF7169D0044C48B /* ViewController.swift */; };
		26293C041CF7169D0044C48B /* Main.storyboard in Resources */ = {isa = PBXBuildFile; fileRef = 26293C021CF7169D0044C48B /* Main.storyboard */; };
		26293C061CF7169D0044C48B /* Assets.xcassets in Resources */ = {isa = PBXBuildFile; fileRef = 26293C051CF7169D0044C48B /* Assets.xcassets */; };
		26293C091CF7169D0044C48B /* LaunchScreen.storyboard in Resources */ = {isa = PBXBuildFile; fileRef = 26293C071CF7169D0044C48B /* LaunchScreen.storyboard */; };
/* End PBXBuildFile section */

/* Begin PBXFileReference section */
		26293BFB1CF7169D0044C48B /* TestBugOnCollectionViewController.app */ = {isa = PBXFileReference; explicitFileType = wrapper.application; includeInIndex = 0; path = TestBugOnCollectionViewController.app; sourceTree = BUILT_PRODUCTS_DIR; };
		26293BFE1CF7169D0044C48B /* AppDelegate.swift */ = {isa = PBXFileReference; lastKnownFileType = sourcecode.swift; path = AppDelegate.swift; sourceTree = "<group>"; };
		26293C001CF7169D0044C48B /* ViewController.swift */ = {isa = PBXFileReference; lastKnownFileType = sourcecode.swift; path = ViewController.swift; sourceTree = "<group>"; };
		26293C031CF7169D0044C48B /* Base */ = {isa = PBXFileReference; lastKnownFileType = file.storyboard; name = Base; path = Base.lproj/Main.storyboard; sourceTree = "<group>"; };
		26293C051CF7169D0044C48B /* Assets.xcassets */ = {isa = PBXFileReference; lastKnownFileType = folder.assetcatalog; path = Assets.xcassets; sourceTree = "<group>"; };
		26293C081CF7169D0044C48B /* Base */ = {isa = PBXFileReference; lastKnownFileType = file.storyboard; name = Base; path = Base.lproj/LaunchScreen.storyboard; sourceTree = "<group>"; };
		26293C0A1CF7169D0044C48B /* Info.plist */ = {isa = PBXFileReference; lastKnownFileType = text.plist.xml; path = Info.plist; sourceTree = "<group>"; };
/* End PBXFileReference section */

/* Begin PBXFrameworksBuildPhase section */
		26293BF81CF7169D0044C48B /* Frameworks */ = {
			isa = PBXFrameworksBuildPhase;
			buildActionMask = 2147483647;
			files = (
			);
			runOnlyForDeploymentPostprocessing = 0;
		};
/* End PBXFrameworksBuildPhase section */

/* Begin PBXGroup section */
		26293BF21CF7169D0044C48B = {
			isa = PBXGroup;
			children = (
				26293BFD1CF7169D0044C48B /* TestBugOnCollectionViewController */,
				26293BFC1CF7169D0044C48B /* Products */,
			);
			sourceTree = "<group>";
		};
		26293BFC1CF7169D0044C48B /* Products */ = {
			isa = PBXGroup;
			children = (
				26293BFB1CF7169D0044C48B /* TestBugOnCollectionViewController.app */,
			);
			name = Products;
			sourceTree = "<group>";
		};
		26293BFD1CF7169D0044C48B /* TestBugOnCollectionViewController */ = {
			isa = PBXGroup;
			children = (
				26293BFE1CF7169D0044C48B /* AppDelegate.swift */,
				26293C001CF7169D0044C48B /* ViewController.swift */,
				26293C021CF7169D0044C48B /* Main.storyboard */,
				26293C051CF7169D0044C48B /* Assets.xcassets */,
				26293C071CF7169D0044C48B /* LaunchScreen.storyboard */,
				26293C0A1CF7169D0044C48B /* Info.plist */,
			);
			path = TestBugOnCollectionViewController;
			sourceTree = "<group>";
		};
/* End PBXGroup section */

/* Begin PBXNativeTarget section */
		26293BFA1CF7169D0044C48B /* TestBugOnCollectionViewController */ = {
			isa = PBXNativeTarget;
			buildConfigurationList = 26293C0D1CF7169D0044C48B /* Build configuration list for PBXNativeTarget "TestBugOnCollectionViewController" */;
			buildPhases = (
				26293BF71CF7169D0044C48B /* Sources */,
				26293BF81CF7169D0044C48B /* Frameworks */,
				26293BF91CF7169D0044C48B /* Resources */,
			);
			buildRules = (
			);
			dependencies = (
			);
			name = TestBugOnCollectionViewController;
			productName = TestBugOnCollectionViewController;
			productReference = 26293BFB1CF7169D0044C48B /* TestBugOnCollectionViewController.app */;
			productType = "com.apple.product-type.application";
		};
/* End PBXNativeTarget section */

/* Begin PBXProject section */
		26293BF31CF7169D0044C48B /* Project object */ = {
			isa = PBXProject;
			attributes = {
				LastSwiftUpdateCheck = 0730;
				LastUpgradeCheck = 0900;
				ORGANIZATIONNAME = "יצחק בן-עזרא";
				TargetAttributes = {
					26293BFA1CF7169D0044C48B = {
						CreatedOnToolsVersion = 7.3.1;
						DevelopmentTeam = D2K4552WY3;
						LastSwiftMigration = 0800;
					};
				};
			};
			buildConfigurationList = 26293BF61CF7169D0044C48B /* Build configuration list for PBXProject "TestBugOnCollectionViewController" */;
			compatibilityVersion = "Xcode 3.2";
			developmentRegion = English;
			hasScannedForEncodings = 0;
			knownRegions = (
				en,
				Base,
			);
			mainGroup = 26293BF21CF7169D0044C48B;
			productRefGroup = 26293BFC1CF7169D0044C48B /* Products */;
			projectDirPath = "";
			projectRoot = "";
			targets = (
				26293BFA1CF7169D0044C48B /* TestBugOnCollectionViewController */,
			);
		};
/* End PBXProject section */

/* Begin PBXResourcesBuildPhase section */
		26293BF91CF7169D0044C48B /* Resources */ = {
			isa = PBXResourcesBuildPhase;
			buildActionMask = 2147483647;
			files = (
				26293C091CF7169D0044C48B /* LaunchScreen.storyboard in Resources */,
				26293C061CF7169D0044C48B /* Assets.xcassets in Resources */,
				26293C041CF7169D0044C48B /* Main.storyboard in Resources */,
			);
			runOnlyForDeploymentPostprocessing = 0;
		};
/* End PBXResourcesBuildPhase section */

/* Begin PBXSourcesBuildPhase section */
		26293BF71CF7169D0044C48B /* Sources */ = {
			isa = PBXSourcesBuildPhase;
			buildActionMask = 2147483647;
			files = (
				26293C011CF7169D0044C48B /* ViewController.swift in Sources */,
				26293BFF1CF7169D0044C48B /* AppDelegate.swift in Sources */,
			);
			runOnlyForDeploymentPostprocessing = 0;
		};
/* End PBXSourcesBuildPhase section */

/* Begin PBXVariantGroup section */
		26293C021CF7169D0044C48B /* Main.storyboard */ = {
			isa = PBXVariantGroup;
			children = (
				26293C031CF7169D0044C48B /* Base */,
			);
			name = Main.storyboard;
			sourceTree = "<group>";
		};
		26293C071CF7169D0044C48B /* LaunchScreen.storyboard */ = {
			isa = PBXVariantGroup;
			children = (
				26293C081CF7169D0044C48B /* Base */,
			);
			name = LaunchScreen.storyboard;
			sourceTree = "<group>";
		};
/* End PBXVariantGroup section */

/* Begin XCBuildConfiguration section */
		26293C0B1CF7169D0044C48B /* Debug */ = {
			isa = XCBuildConfiguration;
			buildSettings = {
				ALWAYS_SEARCH_USER_PATHS = NO;
				CLANG_ANALYZER_NONNULL = YES;
				CLANG_CXX_LANGUAGE_STANDARD = "gnu++0x";
				CLANG_CXX_LIBRARY = "libc++";
				CLANG_ENABLE_MODULES = YES;
				CLANG_ENABLE_OBJC_ARC = YES;
				CLANG_WARN_BLOCK_CAPTURE_AUTORELEASING = YES;
				CLANG_WARN_BOOL_CONVERSION = YES;
				CLANG_WARN_COMMA = YES;
				CLANG_WARN_CONSTANT_CONVERSION = YES;
				CLANG_WARN_DIRECT_OBJC_ISA_USAGE = YES_ERROR;
				CLANG_WARN_EMPTY_BODY = YES;
				CLANG_WARN_ENUM_CONVERSION = YES;
				CLANG_WARN_INFINITE_RECURSION = YES;
				CLANG_WARN_INT_CONVERSION = YES;
				CLANG_WARN_NON_LITERAL_NULL_CONVERSION = YES;
				CLANG_WARN_OBJC_LITERAL_CONVERSION = YES;
				CLANG_WARN_OBJC_ROOT_CLASS = YES_ERROR;
				CLANG_WARN_RANGE_LOOP_ANALYSIS = YES;
				CLANG_WARN_STRICT_PROTOTYPES = YES;
				CLANG_WARN_SUSPICIOUS_MOVE = YES;
				CLANG_WARN_UNREACHABLE_CODE = YES;
				CLANG_WARN__DUPLICATE_METHOD_MATCH = YES;
				"CODE_SIGN_IDENTITY[sdk=iphoneos*]" = "iPhone Developer";
				COPY_PHASE_STRIP = NO;
				DEBUG_INFORMATION_FORMAT = dwarf;
				ENABLE_STRICT_OBJC_MSGSEND = YES;
				ENABLE_TESTABILITY = YES;
				GCC_C_LANGUAGE_STANDARD = gnu99;
				GCC_DYNAMIC_NO_PIC = NO;
				GCC_NO_COMMON_BLOCKS = YES;
				GCC_OPTIMIZATION_LEVEL = 0;
				GCC_PREPROCESSOR_DEFINITIONS = (
					"DEBUG=1",
					"$(inherited)",
				);
				GCC_WARN_64_TO_32_BIT_CONVERSION = YES;
				GCC_WARN_ABOUT_RETURN_TYPE = YES_ERROR;
				GCC_WARN_UNDECLARED_SELECTOR = YES;
				GCC_WARN_UNINITIALIZED_AUTOS = YES_AGGRESSIVE;
				GCC_WARN_UNUSED_FUNCTION = YES;
				GCC_WARN_UNUSED_VARIABLE = YES;
				IPHONEOS_DEPLOYMENT_TARGET = 9.3;
				MTL_ENABLE_DEBUG_INFO = YES;
				ONLY_ACTIVE_ARCH = YES;
				SDKROOT = iphoneos;
				SWIFT_OPTIMIZATION_LEVEL = "-Onone";
				SWIFT_VERSION = 2.3;
				TARGETED_DEVICE_FAMILY = "1,2";
			};
			name = Debug;
		};
		26293C0C1CF7169D0044C48B /* Release */ = {
			isa = XCBuildConfiguration;
			buildSettings = {
				ALWAYS_SEARCH_USER_PATHS = NO;
				CLANG_ANALYZER_NONNULL = YES;
				CLANG_CXX_LANGUAGE_STANDARD = "gnu++0x";
				CLANG_CXX_LIBRARY = "libc++";
				CLANG_ENABLE_MODULES = YES;
				CLANG_ENABLE_OBJC_ARC = YES;
				CLANG_WARN_BLOCK_CAPTURE_AUTORELEASING = YES;
				CLANG_WARN_BOOL_CONVERSION = YES;
				CLANG_WARN_COMMA = YES;
				CLANG_WARN_CONSTANT_CONVERSION = YES;
				CLANG_WARN_DIRECT_OBJC_ISA_USAGE = YES_ERROR;
				CLANG_WARN_EMPTY_BODY = YES;
				CLANG_WARN_ENUM_CONVERSION = YES;
				CLANG_WARN_INFINITE_RECURSION = YES;
				CLANG_WARN_INT_CONVERSION = YES;
				CLANG_WARN_NON_LITERAL_NULL_CONVERSION = YES;
				CLANG_WARN_OBJC_LITERAL_CONVERSION = YES;
				CLANG_WARN_OBJC_ROOT_CLASS = YES_ERROR;
				CLANG_WARN_RANGE_LOOP_ANALYSIS = YES;
				CLANG_WARN_STRICT_PROTOTYPES = YES;
				CLANG_WARN_SUSPICIOUS_MOVE = YES;
				CLANG_WARN_UNREACHABLE_CODE = YES;
				CLANG_WARN__DUPLICATE_METHOD_MATCH = YES;
				"CODE_SIGN_IDENTITY[sdk=iphoneos*]" = "iPhone Developer";
				COPY_PHASE_STRIP = NO;
				DEBUG_INFORMATION_FORMAT = "dwarf-with-dsym";
				ENABLE_NS_ASSERTIONS = NO;
				ENABLE_STRICT_OBJC_MSGSEND = YES;
				GCC_C_LANGUAGE_STANDARD = gnu99;
				GCC_NO_COMMON_BLOCKS = YES;
				GCC_WARN_64_TO_32_BIT_CONVERSION = YES;
				GCC_WARN_ABOUT_RETURN_TYPE = YES_ERROR;
				GCC_WARN_UNDECLARED_SELECTOR = YES;
				GCC_WARN_UNINITIALIZED_AUTOS = YES_AGGRESSIVE;
				GCC_WARN_UNUSED_FUNCTION = YES;
				GCC_WARN_UNUSED_VARIABLE = YES;
				IPHONEOS_DEPLOYMENT_TARGET = 9.3;
				MTL_ENABLE_DEBUG_INFO = NO;
				SDKROOT = iphoneos;
				SWIFT_OPTIMIZATION_LEVEL = "-Owholemodule";
				SWIFT_VERSION = 2.3;
				TARGETED_DEVICE_FAMILY = "1,2";
				VALIDATE_PRODUCT = YES;
			};
			name = Release;
		};
		26293C0E1CF7169D0044C48B /* Debug */ = {
			isa = XCBuildConfiguration;
			buildSettings = {
				ASSETCATALOG_COMPILER_APPICON_NAME = AppIcon;
				DEVELOPMENT_TEAM = D2K4552WY3;
				INFOPLIST_FILE = TestBugOnCollectionViewController/Info.plist;
				LD_RUNPATH_SEARCH_PATHS = "$(inherited) @executable_path/Frameworks";
				PRODUCT_BUNDLE_IDENTIFIER = com.ybe.TestBugOnCollectionViewController;
				PRODUCT_NAME = "$(TARGET_NAME)";
				SWIFT_VERSION = 3.0;
			};
			name = Debug;
		};
		26293C0F1CF7169D0044C48B /* Release */ = {
			isa = XCBuildConfiguration;
			buildSettings = {
				ASSETCATALOG_COMPILER_APPICON_NAME = AppIcon;
				DEVELOPMENT_TEAM = D2K4552WY3;
				INFOPLIST_FILE = TestBugOnCollectionViewController/Info.plist;
				LD_RUNPATH_SEARCH_PATHS = "$(inherited) @executable_path/Frameworks";
				PRODUCT_BUNDLE_IDENTIFIER = com.ybe.TestBugOnCollectionViewController;
				PRODUCT_NAME = "$(TARGET_NAME)";
				SWIFT_VERSION = 3.0;
			};
			name = Release;
		};
/* End XCBuildConfiguration section */

/* Begin XCConfigurationList section */
		26293BF61CF7169D0044C48B /* Build configuration list for PBXProject "TestBugOnCollectionViewController" */ = {
			isa = XCConfigurationList;
			buildConfigurations = (
				26293C0B1CF7169D0044C48B /* Debug */,
				26293C0C1CF7169D0044C48B /* Release */,
			);
			defaultConfigurationIsVisible = 0;
			defaultConfigurationName = Release;
		};
		26293C0D1CF7169D0044C48B /* Build configuration list for PBXNativeTarget "TestBugOnCollectionViewController" */ = {
			isa = XCConfigurationList;
			buildConfigurations = (
				26293C0E1CF7169D0044C48B /* Debug */,
				26293C0F1CF7169D0044C48B /* Release */,
			);
			defaultConfigurationIsVisible = 0;
			defaultConfigurationName = Release;
		};
/* End XCConfigurationList section */
	};
	rootObject = 26293BF31CF7169D0044C48B /* Project object */;
}
